// !$*UTF8*$!
{
	archiveVersion = 1;
	classes = {
	};
	objectVersion = 56;
	objects = {

/* Begin PBXBuildFile section */
		5B8397592C78ED3500CEBBAE /* DemoIOSApp.swift in Sources */ = {isa = PBXBuildFile; fileRef = 5B8397582C78ED3500CEBBAE /* DemoIOSApp.swift */; };
		5B83975B2C78ED3500CEBBAE /* ContentView.swift in Sources */ = {isa = PBXBuildFile; fileRef = 5B83975A2C78ED3500CEBBAE /* ContentView.swift */; };
		5B83975D2C78ED3700CEBBAE /* Assets.xcassets in Resources */ = {isa = PBXBuildFile; fileRef = 5B83975C2C78ED3700CEBBAE /* Assets.xcassets */; };
		5B8397602C78ED3700CEBBAE /* Preview Assets.xcassets in Resources */ = {isa = PBXBuildFile; fileRef = 5B83975F2C78ED3700CEBBAE /* Preview Assets.xcassets */; };
		5B83976A2C78ED3800CEBBAE /* DemoIOSTests.swift in Sources */ = {isa = PBXBuildFile; fileRef = 5B8397692C78ED3800CEBBAE /* DemoIOSTests.swift */; };
		5B8397742C78ED3800CEBBAE /* DemoIOSUITests.swift in Sources */ = {isa = PBXBuildFile; fileRef = 5B8397732C78ED3800CEBBAE /* DemoIOSUITests.swift */; };
		5B8397762C78ED3800CEBBAE /* DemoIOSUITestsLaunchTests.swift in Sources */ = {isa = PBXBuildFile; fileRef = 5B8397752C78ED3800CEBBAE /* DemoIOSUITestsLaunchTests.swift */; };
/* End PBXBuildFile section */

/* Begin PBXContainerItemProxy section */
		5B8397662C78ED3800CEBBAE /* PBXContainerItemProxy */ = {
			isa = PBXContainerItemProxy;
			containerPortal = 5B83974D2C78ED3500CEBBAE /* Project object */;
			proxyType = 1;
			remoteGlobalIDString = 5B8397542C78ED3500CEBBAE;
			remoteInfo = DemoIOS;
		};
		5B8397702C78ED3800CEBBAE /* PBXContainerItemProxy */ = {
			isa = PBXContainerItemProxy;
			containerPortal = 5B83974D2C78ED3500CEBBAE /* Project object */;
			proxyType = 1;
			remoteGlobalIDString = 5B8397542C78ED3500CEBBAE;
			remoteInfo = DemoIOS;
		};
/* End PBXContainerItemProxy section */

/* Begin PBXFileReference section */
		5B8397552C78ED3500CEBBAE /* DemoIOS.app */ = {isa = PBXFileReference; explicitFileType = wrapper.application; includeInIndex = 0; path = DemoIOS.app; sourceTree = BUILT_PRODUCTS_DIR; };
		5B8397582C78ED3500CEBBAE /* DemoIOSApp.swift */ = {isa = PBXFileReference; lastKnownFileType = sourcecode.swift; path = DemoIOSApp.swift; sourceTree = "<group>"; };
		5B83975A2C78ED3500CEBBAE /* ContentView.swift */ = {isa = PBXFileReference; lastKnownFileType = sourcecode.swift; path = ContentView.swift; sourceTree = "<group>"; };
		5B83975C2C78ED3700CEBBAE /* Assets.xcassets */ = {isa = PBXFileReference; lastKnownFileType = folder.assetcatalog; path = Assets.xcassets; sourceTree = "<group>"; };
		5B83975F2C78ED3700CEBBAE /* Preview Assets.xcassets */ = {isa = PBXFileReference; lastKnownFileType = folder.assetcatalog; path = "Preview Assets.xcassets"; sourceTree = "<group>"; };
		5B8397652C78ED3800CEBBAE /* DemoIOSTests.xctest */ = {isa = PBXFileReference; explicitFileType = wrapper.cfbundle; includeInIndex = 0; path = DemoIOSTests.xctest; sourceTree = BUILT_PRODUCTS_DIR; };
		5B8397692C78ED3800CEBBAE /* DemoIOSTests.swift */ = {isa = PBXFileReference; lastKnownFileType = sourcecode.swift; path = DemoIOSTests.swift; sourceTree = "<group>"; };
		5B83976F2C78ED3800CEBBAE /* DemoIOSUITests.xctest */ = {isa = PBXFileReference; explicitFileType = wrapper.cfbundle; includeInIndex = 0; path = DemoIOSUITests.xctest; sourceTree = BUILT_PRODUCTS_DIR; };
		5B8397732C78ED3800CEBBAE /* DemoIOSUITests.swift */ = {isa = PBXFileReference; lastKnownFileType = sourcecode.swift; path = DemoIOSUITests.swift; sourceTree = "<group>"; };
		5B8397752C78ED3800CEBBAE /* DemoIOSUITestsLaunchTests.swift */ = {isa = PBXFileReference; lastKnownFileType = sourcecode.swift; path = DemoIOSUITestsLaunchTests.swift; sourceTree = "<group>"; };
/* End PBXFileReference section */

/* Begin PBXFrameworksBuildPhase section */
		5B8397522C78ED3500CEBBAE /* Frameworks */ = {
			isa = PBXFrameworksBuildPhase;
			buildActionMask = 2147483647;
			files = (
			);
			runOnlyForDeploymentPostprocessing = 0;
		};
		5B8397622C78ED3800CEBBAE /* Frameworks */ = {
			isa = PBXFrameworksBuildPhase;
			buildActionMask = 2147483647;
			files = (
			);
			runOnlyForDeploymentPostprocessing = 0;
		};
		5B83976C2C78ED3800CEBBAE /* Frameworks */ = {
			isa = PBXFrameworksBuildPhase;
			buildActionMask = 2147483647;
			files = (
			);
			runOnlyForDeploymentPostprocessing = 0;
		};
/* End PBXFrameworksBuildPhase section */

/* Begin PBXGroup section */
		5B83974C2C78ED3500CEBBAE = {
			isa = PBXGroup;
			children = (
				5B8397572C78ED3500CEBBAE /* DemoIOS */,
				5B8397682C78ED3800CEBBAE /* DemoIOSTests */,
				5B8397722C78ED3800CEBBAE /* DemoIOSUITests */,
				5B8397562C78ED3500CEBBAE /* Products */,
			);
			sourceTree = "<group>";
		};
		5B8397562C78ED3500CEBBAE /* Products */ = {
			isa = PBXGroup;
			children = (
				5B8397552C78ED3500CEBBAE /* DemoIOS.app */,
				5B8397652C78ED3800CEBBAE /* DemoIOSTests.xctest */,
				5B83976F2C78ED3800CEBBAE /* DemoIOSUITests.xctest */,
			);
			name = Products;
			sourceTree = "<group>";
		};
		5B8397572C78ED3500CEBBAE /* DemoIOS */ = {
			isa = PBXGroup;
			children = (
				5B8397582C78ED3500CEBBAE /* DemoIOSApp.swift */,
				5B83975A2C78ED3500CEBBAE /* ContentView.swift */,
				5B83975C2C78ED3700CEBBAE /* Assets.xcassets */,
				5B83975E2C78ED3700CEBBAE /* Preview Content */,
			);
			path = DemoIOS;
			sourceTree = "<group>";
		};
		5B83975E2C78ED3700CEBBAE /* Preview Content */ = {
			isa = PBXGroup;
			children = (
				5B83975F2C78ED3700CEBBAE /* Preview Assets.xcassets */,
			);
			path = "Preview Content";
			sourceTree = "<group>";
		};
		5B8397682C78ED3800CEBBAE /* DemoIOSTests */ = {
			isa = PBXGroup;
			children = (
				5B8397692C78ED3800CEBBAE /* DemoIOSTests.swift */,
			);
			path = DemoIOSTests;
			sourceTree = "<group>";
		};
		5B8397722C78ED3800CEBBAE /* DemoIOSUITests */ = {
			isa = PBXGroup;
			children = (
				5B8397732C78ED3800CEBBAE /* DemoIOSUITests.swift */,
				5B8397752C78ED3800CEBBAE /* DemoIOSUITestsLaunchTests.swift */,
			);
			path = DemoIOSUITests;
			sourceTree = "<group>";
		};
/* End PBXGroup section */

/* Begin PBXNativeTarget section */
		5B8397542C78ED3500CEBBAE /* DemoIOS */ = {
			isa = PBXNativeTarget;
			buildConfigurationList = 5B8397792C78ED3800CEBBAE /* Build configuration list for PBXNativeTarget "DemoIOS" */;
			buildPhases = (
				5B8397512C78ED3500CEBBAE /* Sources */,
				5B8397522C78ED3500CEBBAE /* Frameworks */,
				5B8397532C78ED3500CEBBAE /* Resources */,
			);
			buildRules = (
			);
			dependencies = (
			);
			name = DemoIOS;
			productName = DemoIOS;
			productReference = 5B8397552C78ED3500CEBBAE /* DemoIOS.app */;
			productType = "com.apple.product-type.application";
		};
		5B8397642C78ED3800CEBBAE /* DemoIOSTests */ = {
			isa = PBXNativeTarget;
			buildConfigurationList = 5B83977C2C78ED3800CEBBAE /* Build configuration list for PBXNativeTarget "DemoIOSTests" */;
			buildPhases = (
				5B8397612C78ED3800CEBBAE /* Sources */,
				5B8397622C78ED3800CEBBAE /* Frameworks */,
				5B8397632C78ED3800CEBBAE /* Resources */,
			);
			buildRules = (
			);
			dependencies = (
				5B8397672C78ED3800CEBBAE /* PBXTargetDependency */,
			);
			name = DemoIOSTests;
			productName = DemoIOSTests;
			productReference = 5B8397652C78ED3800CEBBAE /* DemoIOSTests.xctest */;
			productType = "com.apple.product-type.bundle.unit-test";
		};
		5B83976E2C78ED3800CEBBAE /* DemoIOSUITests */ = {
			isa = PBXNativeTarget;
			buildConfigurationList = 5B83977F2C78ED3800CEBBAE /* Build configuration list for PBXNativeTarget "DemoIOSUITests" */;
			buildPhases = (
				5B83976B2C78ED3800CEBBAE /* Sources */,
				5B83976C2C78ED3800CEBBAE /* Frameworks */,
				5B83976D2C78ED3800CEBBAE /* Resources */,
			);
			buildRules = (
			);
			dependencies = (
				5B8397712C78ED3800CEBBAE /* PBXTargetDependency */,
			);
			name = DemoIOSUITests;
			productName = DemoIOSUITests;
			productReference = 5B83976F2C78ED3800CEBBAE /* DemoIOSUITests.xctest */;
			productType = "com.apple.product-type.bundle.ui-testing";
		};
/* End PBXNativeTarget section */

/* Begin PBXProject section */
		5B83974D2C78ED3500CEBBAE /* Project object */ = {
			isa = PBXProject;
			attributes = {
				BuildIndependentTargetsInParallel = 1;
				LastSwiftUpdateCheck = 1530;
				LastUpgradeCheck = 1530;
				TargetAttributes = {
					5B8397542C78ED3500CEBBAE = {
						CreatedOnToolsVersion = 15.3;
					};
					5B8397642C78ED3800CEBBAE = {
						CreatedOnToolsVersion = 15.3;
						TestTargetID = 5B8397542C78ED3500CEBBAE;
					};
					5B83976E2C78ED3800CEBBAE = {
						CreatedOnToolsVersion = 15.3;
						TestTargetID = 5B8397542C78ED3500CEBBAE;
					};
				};
			};
			buildConfigurationList = 5B8397502C78ED3500CEBBAE /* Build configuration list for PBXProject "DemoIOS" */;
			compatibilityVersion = "Xcode 14.0";
			developmentRegion = en;
			hasScannedForEncodings = 0;
			knownRegions = (
				en,
				Base,
			);
			mainGroup = 5B83974C2C78ED3500CEBBAE;
			productRefGroup = 5B8397562C78ED3500CEBBAE /* Products */;
			projectDirPath = "";
			projectRoot = "";
			targets = (
				5B8397542C78ED3500CEBBAE /* DemoIOS */,
				5B8397642C78ED3800CEBBAE /* DemoIOSTests */,
				5B83976E2C78ED3800CEBBAE /* DemoIOSUITests */,
			);
		};
/* End PBXProject section */

/* Begin PBXResourcesBuildPhase section */
		5B8397532C78ED3500CEBBAE /* Resources */ = {
			isa = PBXResourcesBuildPhase;
			buildActionMask = 2147483647;
			files = (
				5B8397602C78ED3700CEBBAE /* Preview Assets.xcassets in Resources */,
				5B83975D2C78ED3700CEBBAE /* Assets.xcassets in Resources */,
			);
			runOnlyForDeploymentPostprocessing = 0;
		};
		5B8397632C78ED3800CEBBAE /* Resources */ = {
			isa = PBXResourcesBuildPhase;
			buildActionMask = 2147483647;
			files = (
			);
			runOnlyForDeploymentPostprocessing = 0;
		};
		5B83976D2C78ED3800CEBBAE /* Resources */ = {
			isa = PBXResourcesBuildPhase;
			buildActionMask = 2147483647;
			files = (
			);
			runOnlyForDeploymentPostprocessing = 0;
		};
/* End PBXResourcesBuildPhase section */

/* Begin PBXSourcesBuildPhase section */
		5B8397512C78ED3500CEBBAE /* Sources */ = {
			isa = PBXSourcesBuildPhase;
			buildActionMask = 2147483647;
			files = (
				5B83975B2C78ED3500CEBBAE /* ContentView.swift in Sources */,
				5B8397592C78ED3500CEBBAE /* DemoIOSApp.swift in Sources */,
			);
			runOnlyForDeploymentPostprocessing = 0;
		};
		5B8397612C78ED3800CEBBAE /* Sources */ = {
			isa = PBXSourcesBuildPhase;
			buildActionMask = 2147483647;
			files = (
				5B83976A2C78ED3800CEBBAE /* DemoIOSTests.swift in Sources */,
			);
			runOnlyForDeploymentPostprocessing = 0;
		};
		5B83976B2C78ED3800CEBBAE /* Sources */ = {
			isa = PBXSourcesBuildPhase;
			buildActionMask = 2147483647;
			files = (
				5B8397742C78ED3800CEBBAE /* DemoIOSUITests.swift in Sources */,
				5B8397762C78ED3800CEBBAE /* DemoIOSUITestsLaunchTests.swift in Sources */,
			);
			runOnlyForDeploymentPostprocessing = 0;
		};
/* End PBXSourcesBuildPhase section */

/* Begin PBXTargetDependency section */
		5B8397672C78ED3800CEBBAE /* PBXTargetDependency */ = {
			isa = PBXTargetDependency;
			target = 5B8397542C78ED3500CEBBAE /* DemoIOS */;
			targetProxy = 5B8397662C78ED3800CEBBAE /* PBXContainerItemProxy */;
		};
		5B8397712C78ED3800CEBBAE /* PBXTargetDependency */ = {
			isa = PBXTargetDependency;
			target = 5B8397542C78ED3500CEBBAE /* DemoIOS */;
			targetProxy = 5B8397702C78ED3800CEBBAE /* PBXContainerItemProxy */;
		};
/* End PBXTargetDependency section */

/* Begin XCBuildConfiguration section */
		5B8397772C78ED3800CEBBAE /* Debug */ = {
			isa = XCBuildConfiguration;
			buildSettings = {
				ALWAYS_SEARCH_USER_PATHS = NO;
				ASSETCATALOG_COMPILER_GENERATE_SWIFT_ASSET_SYMBOL_EXTENSIONS = YES;
				CLANG_ANALYZER_NONNULL = YES;
				CLANG_ANALYZER_NUMBER_OBJECT_CONVERSION = YES_AGGRESSIVE;
				CLANG_CXX_LANGUAGE_STANDARD = "gnu++20";
				CLANG_ENABLE_MODULES = YES;
				CLANG_ENABLE_OBJC_ARC = YES;
				CLANG_ENABLE_OBJC_WEAK = YES;
				CLANG_WARN_BLOCK_CAPTURE_AUTORELEASING = YES;
				CLANG_WARN_BOOL_CONVERSION = YES;
				CLANG_WARN_COMMA = YES;
				CLANG_WARN_CONSTANT_CONVERSION = YES;
				CLANG_WARN_DEPRECATED_OBJC_IMPLEMENTATIONS = YES;
				CLANG_WARN_DIRECT_OBJC_ISA_USAGE = YES_ERROR;
				CLANG_WARN_DOCUMENTATION_COMMENTS = YES;
				CLANG_WARN_EMPTY_BODY = YES;
				CLANG_WARN_ENUM_CONVERSION = YES;
				CLANG_WARN_INFINITE_RECURSION = YES;
				CLANG_WARN_INT_CONVERSION = YES;
				CLANG_WARN_NON_LITERAL_NULL_CONVERSION = YES;
				CLANG_WARN_OBJC_IMPLICIT_RETAIN_SELF = YES;
				CLANG_WARN_OBJC_LITERAL_CONVERSION = YES;
				CLANG_WARN_OBJC_ROOT_CLASS = YES_ERROR;
				CLANG_WARN_QUOTED_INCLUDE_IN_FRAMEWORK_HEADER = YES;
				CLANG_WARN_RANGE_LOOP_ANALYSIS = YES;
				CLANG_WARN_STRICT_PROTOTYPES = YES;
				CLANG_WARN_SUSPICIOUS_MOVE = YES;
				CLANG_WARN_UNGUARDED_AVAILABILITY = YES_AGGRESSIVE;
				CLANG_WARN_UNREACHABLE_CODE = YES;
				CLANG_WARN__DUPLICATE_METHOD_MATCH = YES;
				COPY_PHASE_STRIP = NO;
				DEBUG_INFORMATION_FORMAT = dwarf;
				ENABLE_STRICT_OBJC_MSGSEND = YES;
				ENABLE_TESTABILITY = YES;
				ENABLE_USER_SCRIPT_SANDBOXING = YES;
				GCC_C_LANGUAGE_STANDARD = gnu17;
				GCC_DYNAMIC_NO_PIC = NO;
				GCC_NO_COMMON_BLOCKS = YES;
				GCC_OPTIMIZATION_LEVEL = 0;
				GCC_PREPROCESSOR_DEFINITIONS = (
					"DEBUG=1",
					"$(inherited)",
				);
				GCC_WARN_64_TO_32_BIT_CONVERSION = YES;
				GCC_WARN_ABOUT_RETURN_TYPE = YES_ERROR;
				GCC_WARN_UNDECLARED_SELECTOR = YES;
				GCC_WARN_UNINITIALIZED_AUTOS = YES_AGGRESSIVE;
				GCC_WARN_UNUSED_FUNCTION = YES;
				GCC_WARN_UNUSED_VARIABLE = YES;
				IPHONEOS_DEPLOYMENT_TARGET = 17.4;
				LOCALIZATION_PREFERS_STRING_CATALOGS = YES;
				MTL_ENABLE_DEBUG_INFO = INCLUDE_SOURCE;
				MTL_FAST_MATH = YES;
				ONLY_ACTIVE_ARCH = YES;
				SDKROOT = iphoneos;
				SWIFT_ACTIVE_COMPILATION_CONDITIONS = "DEBUG $(inherited)";
				SWIFT_OPTIMIZATION_LEVEL = "-Onone";
			};
			name = Debug;
		};
		5B8397782C78ED3800CEBBAE /* Release */ = {
			isa = XCBuildConfiguration;
			buildSettings = {
				ALWAYS_SEARCH_USER_PATHS = NO;
				ASSETCATALOG_COMPILER_GENERATE_SWIFT_ASSET_SYMBOL_EXTENSIONS = YES;
				CLANG_ANALYZER_NONNULL = YES;
				CLANG_ANALYZER_NUMBER_OBJECT_CONVERSION = YES_AGGRESSIVE;
				CLANG_CXX_LANGUAGE_STANDARD = "gnu++20";
				CLANG_ENABLE_MODULES = YES;
				CLANG_ENABLE_OBJC_ARC = YES;
				CLANG_ENABLE_OBJC_WEAK = YES;
				CLANG_WARN_BLOCK_CAPTURE_AUTORELEASING = YES;
				CLANG_WARN_BOOL_CONVERSION = YES;
				CLANG_WARN_COMMA = YES;
				CLANG_WARN_CONSTANT_CONVERSION = YES;
				CLANG_WARN_DEPRECATED_OBJC_IMPLEMENTATIONS = YES;
				CLANG_WARN_DIRECT_OBJC_ISA_USAGE = YES_ERROR;
				CLANG_WARN_DOCUMENTATION_COMMENTS = YES;
				CLANG_WARN_EMPTY_BODY = YES;
				CLANG_WARN_ENUM_CONVERSION = YES;
				CLANG_WARN_INFINITE_RECURSION = YES;
				CLANG_WARN_INT_CONVERSION = YES;
				CLANG_WARN_NON_LITERAL_NULL_CONVERSION = YES;
				CLANG_WARN_OBJC_IMPLICIT_RETAIN_SELF = YES;
				CLANG_WARN_OBJC_LITERAL_CONVERSION = YES;
				CLANG_WARN_OBJC_ROOT_CLASS = YES_ERROR;
				CLANG_WARN_QUOTED_INCLUDE_IN_FRAMEWORK_HEADER = YES;
				CLANG_WARN_RANGE_LOOP_ANALYSIS = YES;
				CLANG_WARN_STRICT_PROTOTYPES = YES;
				CLANG_WARN_SUSPICIOUS_MOVE = YES;
				CLANG_WARN_UNGUARDED_AVAILABILITY = YES_AGGRESSIVE;
				CLANG_WARN_UNREACHABLE_CODE = YES;
				CLANG_WARN__DUPLICATE_METHOD_MATCH = YES;
				COPY_PHASE_STRIP = NO;
				DEBUG_INFORMATION_FORMAT = "dwarf-with-dsym";
				ENABLE_NS_ASSERTIONS = NO;
				ENABLE_STRICT_OBJC_MSGSEND = YES;
				ENABLE_USER_SCRIPT_SANDBOXING = YES;
				GCC_C_LANGUAGE_STANDARD = gnu17;
				GCC_NO_COMMON_BLOCKS = YES;
				GCC_WARN_64_TO_32_BIT_CONVERSION = YES;
				GCC_WARN_ABOUT_RETURN_TYPE = YES_ERROR;
				GCC_WARN_UNDECLARED_SELECTOR = YES;
				GCC_WARN_UNINITIALIZED_AUTOS = YES_AGGRESSIVE;
				GCC_WARN_UNUSED_FUNCTION = YES;
				GCC_WARN_UNUSED_VARIABLE = YES;
				IPHONEOS_DEPLOYMENT_TARGET = 17.4;
				LOCALIZATION_PREFERS_STRING_CATALOGS = YES;
				MTL_ENABLE_DEBUG_INFO = NO;
				MTL_FAST_MATH = YES;
				SDKROOT = iphoneos;
				SWIFT_COMPILATION_MODE = wholemodule;
				VALIDATE_PRODUCT = YES;
			};
			name = Release;
		};
		5B83977A2C78ED3800CEBBAE /* Debug */ = {
			isa = XCBuildConfiguration;
			buildSettings = {
				ASSETCATALOG_COMPILER_APPICON_NAME = AppIcon;
				ASSETCATALOG_COMPILER_GLOBAL_ACCENT_COLOR_NAME = AccentColor;
				CODE_SIGN_STYLE = Automatic;
				CURRENT_PROJECT_VERSION = 1;
				DEVELOPMENT_ASSET_PATHS = "\"DemoIOS/Preview Content\"";
				ENABLE_PREVIEWS = YES;
				GENERATE_INFOPLIST_FILE = YES;
				INFOPLIST_KEY_UIApplicationSceneManifest_Generation = YES;
				INFOPLIST_KEY_UIApplicationSupportsIndirectInputEvents = YES;
				INFOPLIST_KEY_UILaunchScreen_Generation = YES;
				INFOPLIST_KEY_UISupportedInterfaceOrientations_iPad = "UIInterfaceOrientationPortrait UIInterfaceOrientationPortraitUpsideDown UIInterfaceOrientationLandscapeLeft UIInterfaceOrientationLandscapeRight";
				INFOPLIST_KEY_UISupportedInterfaceOrientations_iPhone = "UIInterfaceOrientationPortrait UIInterfaceOrientationLandscapeLeft UIInterfaceOrientationLandscapeRight";
				LD_RUNPATH_SEARCH_PATHS = (
					"$(inherited)",
					"@executable_path/Frameworks",
				);
				MARKETING_VERSION = 1.0;
				PRODUCT_BUNDLE_IDENTIFIER = com.thiagofp0.DemoIOS;
				PRODUCT_NAME = "$(TARGET_NAME)";
				SWIFT_EMIT_LOC_STRINGS = YES;
				SWIFT_VERSION = 5.0;
				TARGETED_DEVICE_FAMILY = "1,2";
			};
			name = Debug;
		};
		5B83977B2C78ED3800CEBBAE /* Release */ = {
			isa = XCBuildConfiguration;
			buildSettings = {
				ASSETCATALOG_COMPILER_APPICON_NAME = AppIcon;
				ASSETCATALOG_COMPILER_GLOBAL_ACCENT_COLOR_NAME = AccentColor;
				CODE_SIGN_STYLE = Automatic;
				CURRENT_PROJECT_VERSION = 1;
				DEVELOPMENT_ASSET_PATHS = "\"DemoIOS/Preview Content\"";
				ENABLE_PREVIEWS = YES;
				GENERATE_INFOPLIST_FILE = YES;
				INFOPLIST_KEY_UIApplicationSceneManifest_Generation = YES;
				INFOPLIST_KEY_UIApplicationSupportsIndirectInputEvents = YES;
				INFOPLIST_KEY_UILaunchScreen_Generation = YES;
				INFOPLIST_KEY_UISupportedInterfaceOrientations_iPad = "UIInterfaceOrientationPortrait UIInterfaceOrientationPortraitUpsideDown UIInterfaceOrientationLandscapeLeft UIInterfaceOrientationLandscapeRight";
				INFOPLIST_KEY_UISupportedInterfaceOrientations_iPhone = "UIInterfaceOrientationPortrait UIInterfaceOrientationLandscapeLeft UIInterfaceOrientationLandscapeRight";
				LD_RUNPATH_SEARCH_PATHS = (
					"$(inherited)",
					"@executable_path/Frameworks",
				);
				MARKETING_VERSION = 1.0;
				PRODUCT_BUNDLE_IDENTIFIER = com.thiagofp0.DemoIOS;
				PRODUCT_NAME = "$(TARGET_NAME)";
				SWIFT_EMIT_LOC_STRINGS = YES;
				SWIFT_VERSION = 5.0;
				TARGETED_DEVICE_FAMILY = "1,2";
			};
			name = Release;
		};
		5B83977D2C78ED3800CEBBAE /* Debug */ = {
			isa = XCBuildConfiguration;
			buildSettings = {
				ALWAYS_EMBED_SWIFT_STANDARD_LIBRARIES = YES;
				BUNDLE_LOADER = "$(TEST_HOST)";
				CODE_SIGN_STYLE = Automatic;
				CURRENT_PROJECT_VERSION = 1;
				GENERATE_INFOPLIST_FILE = YES;
				IPHONEOS_DEPLOYMENT_TARGET = 17.4;
				MARKETING_VERSION = 1.0;
				PRODUCT_BUNDLE_IDENTIFIER = com.thiagofp0.DemoIOSTests;
				PRODUCT_NAME = "$(TARGET_NAME)";
				SWIFT_EMIT_LOC_STRINGS = NO;
				SWIFT_VERSION = 5.0;
				TARGETED_DEVICE_FAMILY = "1,2";
				TEST_HOST = "$(BUILT_PRODUCTS_DIR)/DemoIOS.app/$(BUNDLE_EXECUTABLE_FOLDER_PATH)/DemoIOS";
			};
			name = Debug;
		};
		5B83977E2C78ED3800CEBBAE /* Release */ = {
			isa = XCBuildConfiguration;
			buildSettings = {
				ALWAYS_EMBED_SWIFT_STANDARD_LIBRARIES = YES;
				BUNDLE_LOADER = "$(TEST_HOST)";
				CODE_SIGN_STYLE = Automatic;
				CURRENT_PROJECT_VERSION = 1;
				GENERATE_INFOPLIST_FILE = YES;
				IPHONEOS_DEPLOYMENT_TARGET = 17.4;
				MARKETING_VERSION = 1.0;
				PRODUCT_BUNDLE_IDENTIFIER = com.thiagofp0.DemoIOSTests;
				PRODUCT_NAME = "$(TARGET_NAME)";
				SWIFT_EMIT_LOC_STRINGS = NO;
				SWIFT_VERSION = 5.0;
				TARGETED_DEVICE_FAMILY = "1,2";
				TEST_HOST = "$(BUILT_PRODUCTS_DIR)/DemoIOS.app/$(BUNDLE_EXECUTABLE_FOLDER_PATH)/DemoIOS";
			};
			name = Release;
		};
		5B8397802C78ED3800CEBBAE /* Debug */ = {
			isa = XCBuildConfiguration;
			buildSettings = {
				ALWAYS_EMBED_SWIFT_STANDARD_LIBRARIES = YES;
				CODE_SIGN_STYLE = Automatic;
				CURRENT_PROJECT_VERSION = 1;
				GENERATE_INFOPLIST_FILE = YES;
				MARKETING_VERSION = 1.0;
				PRODUCT_BUNDLE_IDENTIFIER = com.thiagofp0.DemoIOSUITests;
				PRODUCT_NAME = "$(TARGET_NAME)";
				SWIFT_EMIT_LOC_STRINGS = NO;
				SWIFT_VERSION = 5.0;
				TARGETED_DEVICE_FAMILY = "1,2";
				TEST_TARGET_NAME = DemoIOS;
			};
			name = Debug;
		};
		5B8397812C78ED3800CEBBAE /* Release */ = {
			isa = XCBuildConfiguration;
			buildSettings = {
				ALWAYS_EMBED_SWIFT_STANDARD_LIBRARIES = YES;
				CODE_SIGN_STYLE = Automatic;
				CURRENT_PROJECT_VERSION = 1;
				GENERATE_INFOPLIST_FILE = YES;
				MARKETING_VERSION = 1.0;
				PRODUCT_BUNDLE_IDENTIFIER = com.thiagofp0.DemoIOSUITests;
				PRODUCT_NAME = "$(TARGET_NAME)";
				SWIFT_EMIT_LOC_STRINGS = NO;
				SWIFT_VERSION = 5.0;
				TARGETED_DEVICE_FAMILY = "1,2";
				TEST_TARGET_NAME = DemoIOS;
			};
			name = Release;
		};
/* End XCBuildConfiguration section */

/* Begin XCConfigurationList section */
		5B8397502C78ED3500CEBBAE /* Build configuration list for PBXProject "DemoIOS" */ = {
			isa = XCConfigurationList;
			buildConfigurations = (
				5B8397772C78ED3800CEBBAE /* Debug */,
				5B8397782C78ED3800CEBBAE /* Release */,
			);
			defaultConfigurationIsVisible = 0;
			defaultConfigurationName = Release;
		};
		5B8397792C78ED3800CEBBAE /* Build configuration list for PBXNativeTarget "DemoIOS" */ = {
			isa = XCConfigurationList;
			buildConfigurations = (
				5B83977A2C78ED3800CEBBAE /* Debug */,
				5B83977B2C78ED3800CEBBAE /* Release */,
			);
			defaultConfigurationIsVisible = 0;
			defaultConfigurationName = Release;
		};
		5B83977C2C78ED3800CEBBAE /* Build configuration list for PBXNativeTarget "DemoIOSTests" */ = {
			isa = XCConfigurationList;
			buildConfigurations = (
				5B83977D2C78ED3800CEBBAE /* Debug */,
				5B83977E2C78ED3800CEBBAE /* Release */,
			);
			defaultConfigurationIsVisible = 0;
			defaultConfigurationName = Release;
		};
		5B83977F2C78ED3800CEBBAE /* Build configuration list for PBXNativeTarget "DemoIOSUITests" */ = {
			isa = XCConfigurationList;
			buildConfigurations = (
				5B8397802C78ED3800CEBBAE /* Debug */,
				5B8397812C78ED3800CEBBAE /* Release */,
			);
			defaultConfigurationIsVisible = 0;
			defaultConfigurationName = Release;
		};
/* End XCConfigurationList section */
	};
	rootObject = 5B83974D2C78ED3500CEBBAE /* Project object */;
}
